
Microsoft Visual Studio Solution File, Format Version 12.00
# Visual Studio 2012
Project("{FAE04EC0-301F-11D3-BF4B-00C04F79EFBC}") = "CalcularContaCelular.PlayGraud", "CalcularContaCelular.PlayGraud\CalcularContaCelular.PlayGraud.csproj", "{4DB691E6-D3DF-4B49-9A4B-AAD8D71637F5}"
EndProject
Project("{FAE04EC0-301F-11D3-BF4B-00C04F79EFBC}") = "CalcularContaCelular", "CalcularContaCelular\CalcularContaCelular.csproj", "{03B47F7E-FDAB-4575-B2B3-0704FABE301F}"
EndProject
Global
	GlobalSection(SolutionConfigurationPlatforms) = preSolution
		Debug|Any CPU = Debug|Any CPU
		Release|Any CPU = Release|Any CPU
	EndGlobalSection
	GlobalSection(ProjectConfigurationPlatforms) = postSolution
		{4DB691E6-D3DF-4B49-9A4B-AAD8D71637F5}.Debug|Any CPU.ActiveCfg = Debug|Any CPU
		{4DB691E6-D3DF-4B49-9A4B-AAD8D71637F5}.Debug|Any CPU.Build.0 = Debug|Any CPU
		{4DB691E6-D3DF-4B49-9A4B-AAD8D71637F5}.Release|Any CPU.ActiveCfg = Release|Any CPU
		{4DB691E6-D3DF-4B49-9A4B-AAD8D71637F5}.Release|Any CPU.Build.0 = Release|Any CPU
		{03B47F7E-FDAB-4575-B2B3-0704FABE301F}.Debug|Any CPU.ActiveCfg = Debug|Any CPU
		{03B47F7E-FDAB-4575-B2B3-0704FABE301F}.Debug|Any CPU.Build.0 = Debug|Any CPU
		{03B47F7E-FDAB-4575-B2B3-0704FABE301F}.Release|Any CPU.ActiveCfg = Release|Any CPU
		{03B47F7E-FDAB-4575-B2B3-0704FABE301F}.Release|Any CPU.Build.0 = Release|Any CPU
	EndGlobalSection
	GlobalSection(SolutionProperties) = preSolution
		HideSolutionNode = FALSE
	EndGlobalSection
EndGlobal
